
Microsoft Visual Studio Solution File, Format Version 12.00
# Visual Studio Version 17
VisualStudioVersion = 17.11.35303.130
MinimumVisualStudioVersion = 10.0.40219.1
Project("{FAE04EC0-301F-11D3-BF4B-00C04F79EFBC}") = "VSPawn", "VSPawn.csproj", "{7AD351AA-42A4-413E-BE6F-DD062894692D}"
EndProject
Global
	GlobalSection(SolutionConfigurationPlatforms) = preSolution
		Debug|Any CPU = Debug|Any CPU
		Debug|arm64 = Debug|arm64
		Debug|x86 = Debug|x86
		Release|Any CPU = Release|Any CPU
		Release|arm64 = Release|arm64
		Release|x86 = Release|x86
	EndGlobalSection
	GlobalSection(ProjectConfigurationPlatforms) = postSolution
		{7AD351AA-42A4-413E-BE6F-DD062894692D}.Debug|Any CPU.ActiveCfg = Debug|Any CPU
		{7AD351AA-42A4-413E-BE6F-DD062894692D}.Debug|Any CPU.Build.0 = Debug|Any CPU
		{7AD351AA-42A4-413E-BE6F-DD062894692D}.Debug|arm64.ActiveCfg = Debug|arm64
		{7AD351AA-42A4-413E-BE6F-DD062894692D}.Debug|arm64.Build.0 = Debug|arm64
		{7AD351AA-42A4-413E-BE6F-DD062894692D}.Debug|x86.ActiveCfg = Debug|x86
		{7AD351AA-42A4-413E-BE6F-DD062894692D}.Debug|x86.Build.0 = Debug|x86
		{7AD351AA-42A4-413E-BE6F-DD062894692D}.Release|Any CPU.ActiveCfg = Release|Any CPU
		{7AD351AA-42A4-413E-BE6F-DD062894692D}.Release|Any CPU.Build.0 = Release|Any CPU
		{7AD351AA-42A4-413E-BE6F-DD062894692D}.Release|arm64.ActiveCfg = Release|arm64
		{7AD351AA-42A4-413E-BE6F-DD062894692D}.Release|arm64.Build.0 = Release|arm64
		{7AD351AA-42A4-413E-BE6F-DD062894692D}.Release|x86.ActiveCfg = Release|x86
		{7AD351AA-42A4-413E-BE6F-DD062894692D}.Release|x86.Build.0 = Release|x86
	EndGlobalSection
	GlobalSection(SolutionProperties) = preSolution
		HideSolutionNode = FALSE
	EndGlobalSection
	GlobalSection(ExtensibilityGlobals) = postSolution
		SolutionGuid = {770EDAD6-C26F-4594-AF2E-E49D68A0D9A4}
	EndGlobalSection
EndGlobal
